{
  "name": "load-tests",
  "version": "0.1.0",
  "lockfileVersion": 3,
  "requires": true,
  "packages": {
    "": {
      "name": "load-tests",
      "version": "0.1.0",
      "devDependencies": {
        "bats": "^1.13.0",
        "bats-assert": "^2.2.4",
        "bats-support": "git+https://github.com/bats-core/bats-support.git#semver:^0.3.0"
      }
    },
    "node_modules/bats": {
      "version": "1.13.0",
      "dev": true,
      "license": "MIT",
      "bin": {
        "bats": "bin/bats"
      }
    },
    "node_modules/bats-assert": {
      "version": "2.2.4",
      "dev": true,
      "license": "CC0-1.0",
      "peerDependencies": {
        "bats": "0.4 || ^1",
        "bats-support": "^0.3"
      }
    },
    "node_modules/bats-support": {
      "version": "0.3.0",
      "resolved": "git+ssh://git@github.com/bats-core/bats-support.git#24a72e14349690bcbf7c151b9d2d1cdd32d36eb1",
      "dev": true
    }
  }
}
